
Microsoft Visual Studio Solution File, Format Version 12.00
# Visual Studio Version 16
VisualStudioVersion = 16.0.31729.503
MinimumVisualStudioVersion = 10.0.40219.1
Project("{FAE04EC0-301F-11D3-BF4B-00C04F79EFBC}") = "EnergyAPI", "EnergyAPI.csproj", "{802B3391-4974-4FFB-9354-D90F15A0E3C4}"
EndProject
Global
	GlobalSection(SolutionConfigurationPlatforms) = preSolution
		Debug|Any CPU = Debug|Any CPU
		Release|Any CPU = Release|Any CPU
	EndGlobalSection
	GlobalSection(ProjectConfigurationPlatforms) = postSolution
		{802B3391-4974-4FFB-9354-D90F15A0E3C4}.Debug|Any CPU.ActiveCfg = Debug|Any CPU
		{802B3391-4974-4FFB-9354-D90F15A0E3C4}.Debug|Any CPU.Build.0 = Debug|Any CPU
		{802B3391-4974-4FFB-9354-D90F15A0E3C4}.Release|Any CPU.ActiveCfg = Release|Any CPU
		{802B3391-4974-4FFB-9354-D90F15A0E3C4}.Release|Any CPU.Build.0 = Release|Any CPU
	EndGlobalSection
	GlobalSection(SolutionProperties) = preSolution
		HideSolutionNode = FALSE
	EndGlobalSection
	GlobalSection(ExtensibilityGlobals) = postSolution
		SolutionGuid = {FB29D9A4-EBDD-4019-B515-E2ED9E5887D6}
	EndGlobalSection
EndGlobal
